// !$*UTF8*$!
{
	archiveVersion = 1;
	classes = {
	};
	objectVersion = 77;
	objects = {

/* Begin PBXContainerItemProxy section */
		F316C36C2EB917F000668963 /* PBXContainerItemProxy */ = {
			isa = PBXContainerItemProxy;
			containerPortal = F316C3562EB917EE00668963 /* Project object */;
			proxyType = 1;
			remoteGlobalIDString = F316C35D2EB917EE00668963;
			remoteInfo = "Akusti-Scan-App-RT60";
		};
		F316C3762EB917F000668963 /* PBXContainerItemProxy */ = {
			isa = PBXContainerItemProxy;
			containerPortal = F316C3562EB917EE00668963 /* Project object */;
			proxyType = 1;
			remoteGlobalIDString = F316C35D2EB917EE00668963;
			remoteInfo = "Akusti-Scan-App-RT60";
		};
/* End PBXContainerItemProxy section */

/* Begin PBXFileReference section */
		F316C35E2EB917EE00668963 /* Akusti-Scan-App-RT60.app */ = {isa = PBXFileReference; explicitFileType = wrapper.application; includeInIndex = 0; path = "Akusti-Scan-App-RT60.app"; sourceTree = BUILT_PRODUCTS_DIR; };
		F316C36B2EB917F000668963 /* Akusti-Scan-App-RT60Tests.xctest */ = {isa = PBXFileReference; explicitFileType = wrapper.cfbundle; includeInIndex = 0; path = "Akusti-Scan-App-RT60Tests.xctest"; sourceTree = BUILT_PRODUCTS_DIR; };
		F316C3752EB917F000668963 /* Akusti-Scan-App-RT60UITests.xctest */ = {isa = PBXFileReference; explicitFileType = wrapper.cfbundle; includeInIndex = 0; path = "Akusti-Scan-App-RT60UITests.xctest"; sourceTree = BUILT_PRODUCTS_DIR; };
/* End PBXFileReference section */

/* Begin PBXFileSystemSynchronizedRootGroup section */
		F316C3602EB917EE00668963 /* Akusti-Scan-App-RT60 */ = {
			isa = PBXFileSystemSynchronizedRootGroup;
			path = "Akusti-Scan-App-RT60";
			sourceTree = "<group>";
		};
		F316C36E2EB917F000668963 /* Akusti-Scan-App-RT60Tests */ = {
			isa = PBXFileSystemSynchronizedRootGroup;
			path = "Akusti-Scan-App-RT60Tests";
			sourceTree = "<group>";
		};
		F316C3782EB917F000668963 /* Akusti-Scan-App-RT60UITests */ = {
			isa = PBXFileSystemSynchronizedRootGroup;
			path = "Akusti-Scan-App-RT60UITests";
			sourceTree = "<group>";
		};
/* End PBXFileSystemSynchronizedRootGroup section */

/* Begin PBXFrameworksBuildPhase section */
		F316C35B2EB917EE00668963 /* Frameworks */ = {
			isa = PBXFrameworksBuildPhase;
			buildActionMask = 2147483647;
			files = (
			);
			runOnlyForDeploymentPostprocessing = 0;
		};
		F316C3682EB917F000668963 /* Frameworks */ = {
			isa = PBXFrameworksBuildPhase;
			buildActionMask = 2147483647;
			files = (
			);
			runOnlyForDeploymentPostprocessing = 0;
		};
		F316C3722EB917F000668963 /* Frameworks */ = {
			isa = PBXFrameworksBuildPhase;
			buildActionMask = 2147483647;
			files = (
			);
			runOnlyForDeploymentPostprocessing = 0;
		};
/* End PBXFrameworksBuildPhase section */

/* Begin PBXGroup section */
		F316C3552EB917EE00668963 = {
			isa = PBXGroup;
			children = (
				F316C3602EB917EE00668963 /* Akusti-Scan-App-RT60 */,
				F316C36E2EB917F000668963 /* Akusti-Scan-App-RT60Tests */,
				F316C3782EB917F000668963 /* Akusti-Scan-App-RT60UITests */,
				F316C35F2EB917EE00668963 /* Products */,
			);
			sourceTree = "<group>";
		};
		F316C35F2EB917EE00668963 /* Products */ = {
			isa = PBXGroup;
			children = (
				F316C35E2EB917EE00668963 /* Akusti-Scan-App-RT60.app */,
				F316C36B2EB917F000668963 /* Akusti-Scan-App-RT60Tests.xctest */,
				F316C3752EB917F000668963 /* Akusti-Scan-App-RT60UITests.xctest */,
			);
			name = Products;
			sourceTree = "<group>";
		};
/* End PBXGroup section */

/* Begin PBXNativeTarget section */
		F316C35D2EB917EE00668963 /* Akusti-Scan-App-RT60 */ = {
			isa = PBXNativeTarget;
			buildConfigurationList = F316C37F2EB917F000668963 /* Build configuration list for PBXNativeTarget "Akusti-Scan-App-RT60" */;
			buildPhases = (
				F316C35A2EB917EE00668963 /* Sources */,
				F316C35B2EB917EE00668963 /* Frameworks */,
				F316C35C2EB917EE00668963 /* Resources */,
			);
			buildRules = (
			);
			dependencies = (
			);
			fileSystemSynchronizedGroups = (
				F316C3602EB917EE00668963 /* Akusti-Scan-App-RT60 */,
			);
			name = "Akusti-Scan-App-RT60";
			packageProductDependencies = (
			);
			productName = "Akusti-Scan-App-RT60";
			productReference = F316C35E2EB917EE00668963 /* Akusti-Scan-App-RT60.app */;
			productType = "com.apple.product-type.application";
		};
		F316C36A2EB917F000668963 /* Akusti-Scan-App-RT60Tests */ = {
			isa = PBXNativeTarget;
			buildConfigurationList = F316C3822EB917F000668963 /* Build configuration list for PBXNativeTarget "Akusti-Scan-App-RT60Tests" */;
			buildPhases = (
				F316C3672EB917F000668963 /* Sources */,
				F316C3682EB917F000668963 /* Frameworks */,
				F316C3692EB917F000668963 /* Resources */,
			);
			buildRules = (
			);
			dependencies = (
				F316C36D2EB917F000668963 /* PBXTargetDependency */,
			);
			fileSystemSynchronizedGroups = (
				F316C36E2EB917F000668963 /* Akusti-Scan-App-RT60Tests */,
			);
			name = "Akusti-Scan-App-RT60Tests";
			packageProductDependencies = (
			);
			productName = "Akusti-Scan-App-RT60Tests";
			productReference = F316C36B2EB917F000668963 /* Akusti-Scan-App-RT60Tests.xctest */;
			productType = "com.apple.product-type.bundle.unit-test";
		};
		F316C3742EB917F000668963 /* Akusti-Scan-App-RT60UITests */ = {
			isa = PBXNativeTarget;
			buildConfigurationList = F316C3852EB917F000668963 /* Build configuration list for PBXNativeTarget "Akusti-Scan-App-RT60UITests" */;
			buildPhases = (
				F316C3712EB917F000668963 /* Sources */,
				F316C3722EB917F000668963 /* Frameworks */,
				F316C3732EB917F000668963 /* Resources */,
			);
			buildRules = (
			);
			dependencies = (
				F316C3772EB917F000668963 /* PBXTargetDependency */,
			);
			fileSystemSynchronizedGroups = (
				F316C3782EB917F000668963 /* Akusti-Scan-App-RT60UITests */,
			);
			name = "Akusti-Scan-App-RT60UITests";
			packageProductDependencies = (
			);
			productName = "Akusti-Scan-App-RT60UITests";
			productReference = F316C3752EB917F000668963 /* Akusti-Scan-App-RT60UITests.xctest */;
			productType = "com.apple.product-type.bundle.ui-testing";
		};
/* End PBXNativeTarget section */

/* Begin PBXProject section */
		F316C3562EB917EE00668963 /* Project object */ = {
			isa = PBXProject;
			attributes = {
				BuildIndependentTargetsInParallel = 1;
				LastSwiftUpdateCheck = 2600;
				LastUpgradeCheck = 2600;
				TargetAttributes = {
					F316C35D2EB917EE00668963 = {
						CreatedOnToolsVersion = 26.0.1;
					};
					F316C36A2EB917F000668963 = {
						CreatedOnToolsVersion = 26.0.1;
						TestTargetID = F316C35D2EB917EE00668963;
					};
					F316C3742EB917F000668963 = {
						CreatedOnToolsVersion = 26.0.1;
						TestTargetID = F316C35D2EB917EE00668963;
					};
				};
			};
			buildConfigurationList = F316C3592EB917EE00668963 /* Build configuration list for PBXProject "Akusti-Scan-App-RT60" */;
			developmentRegion = en;
			hasScannedForEncodings = 0;
			knownRegions = (
				en,
				Base,
			);
			mainGroup = F316C3552EB917EE00668963;
			minimizedProjectReferenceProxies = 1;
			preferredProjectObjectVersion = 77;
			productRefGroup = F316C35F2EB917EE00668963 /* Products */;
			projectDirPath = "";
			projectRoot = "";
			targets = (
				F316C35D2EB917EE00668963 /* Akusti-Scan-App-RT60 */,
				F316C36A2EB917F000668963 /* Akusti-Scan-App-RT60Tests */,
				F316C3742EB917F000668963 /* Akusti-Scan-App-RT60UITests */,
			);
		};
/* End PBXProject section */

/* Begin PBXResourcesBuildPhase section */
		F316C35C2EB917EE00668963 /* Resources */ = {
			isa = PBXResourcesBuildPhase;
			buildActionMask = 2147483647;
			files = (
			);
			runOnlyForDeploymentPostprocessing = 0;
		};
		F316C3692EB917F000668963 /* Resources */ = {
			isa = PBXResourcesBuildPhase;
			buildActionMask = 2147483647;
			files = (
			);
			runOnlyForDeploymentPostprocessing = 0;
		};
		F316C3732EB917F000668963 /* Resources */ = {
			isa = PBXResourcesBuildPhase;
			buildActionMask = 2147483647;
			files = (
			);
			runOnlyForDeploymentPostprocessing = 0;
		};
/* End PBXResourcesBuildPhase section */

/* Begin PBXSourcesBuildPhase section */
		F316C35A2EB917EE00668963 /* Sources */ = {
			isa = PBXSourcesBuildPhase;
			buildActionMask = 2147483647;
			files = (
			);
			runOnlyForDeploymentPostprocessing = 0;
		};
		F316C3672EB917F000668963 /* Sources */ = {
			isa = PBXSourcesBuildPhase;
			buildActionMask = 2147483647;
			files = (
			);
			runOnlyForDeploymentPostprocessing = 0;
		};
		F316C3712EB917F000668963 /* Sources */ = {
			isa = PBXSourcesBuildPhase;
			buildActionMask = 2147483647;
			files = (
			);
			runOnlyForDeploymentPostprocessing = 0;
		};
/* End PBXSourcesBuildPhase section */

/* Begin PBXTargetDependency section */
		F316C36D2EB917F000668963 /* PBXTargetDependency */ = {
			isa = PBXTargetDependency;
			target = F316C35D2EB917EE00668963 /* Akusti-Scan-App-RT60 */;
			targetProxy = F316C36C2EB917F000668963 /* PBXContainerItemProxy */;
		};
		F316C3772EB917F000668963 /* PBXTargetDependency */ = {
			isa = PBXTargetDependency;
			target = F316C35D2EB917EE00668963 /* Akusti-Scan-App-RT60 */;
			targetProxy = F316C3762EB917F000668963 /* PBXContainerItemProxy */;
		};
/* End PBXTargetDependency section */

/* Begin XCBuildConfiguration section */
		F316C37D2EB917F000668963 /* Debug */ = {
			isa = XCBuildConfiguration;
			buildSettings = {
				ALWAYS_SEARCH_USER_PATHS = NO;
				ASSETCATALOG_COMPILER_GENERATE_SWIFT_ASSET_SYMBOL_EXTENSIONS = YES;
				CLANG_ANALYZER_NONNULL = YES;
				CLANG_ANALYZER_NUMBER_OBJECT_CONVERSION = YES_AGGRESSIVE;
				CLANG_CXX_LANGUAGE_STANDARD = "gnu++20";
				CLANG_ENABLE_MODULES = YES;
				CLANG_ENABLE_OBJC_ARC = YES;
				CLANG_ENABLE_OBJC_WEAK = YES;
				CLANG_WARN_BLOCK_CAPTURE_AUTORELEASING = YES;
				CLANG_WARN_BOOL_CONVERSION = YES;
				CLANG_WARN_COMMA = YES;
				CLANG_WARN_CONSTANT_CONVERSION = YES;
				CLANG_WARN_DEPRECATED_OBJC_IMPLEMENTATIONS = YES;
				CLANG_WARN_DIRECT_OBJC_ISA_USAGE = YES_ERROR;
				CLANG_WARN_DOCUMENTATION_COMMENTS = YES;
				CLANG_WARN_EMPTY_BODY = YES;
				CLANG_WARN_ENUM_CONVERSION = YES;
				CLANG_WARN_INFINITE_RECURSION = YES;
				CLANG_WARN_INT_CONVERSION = YES;
				CLANG_WARN_NON_LITERAL_NULL_CONVERSION = YES;
				CLANG_WARN_OBJC_IMPLICIT_RETAIN_SELF = YES;
				CLANG_WARN_OBJC_LITERAL_CONVERSION = YES;
				CLANG_WARN_OBJC_ROOT_CLASS = YES_ERROR;
				CLANG_WARN_QUOTED_INCLUDE_IN_FRAMEWORK_HEADER = YES;
				CLANG_WARN_RANGE_LOOP_ANALYSIS = YES;
				CLANG_WARN_STRICT_PROTOTYPES = YES;
				CLANG_WARN_SUSPICIOUS_MOVE = YES;
				CLANG_WARN_UNGUARDED_AVAILABILITY = YES_AGGRESSIVE;
				CLANG_WARN_UNREACHABLE_CODE = YES;
				CLANG_WARN__DUPLICATE_METHOD_MATCH = YES;
				COPY_PHASE_STRIP = NO;
				DEBUG_INFORMATION_FORMAT = dwarf;
				DEVELOPMENT_TEAM = "";
				ENABLE_STRICT_OBJC_MSGSEND = YES;
				ENABLE_TESTABILITY = YES;
				ENABLE_USER_SCRIPT_SANDBOXING = YES;
				GCC_C_LANGUAGE_STANDARD = gnu17;
				GCC_DYNAMIC_NO_PIC = NO;
				GCC_NO_COMMON_BLOCKS = YES;
				GCC_OPTIMIZATION_LEVEL = 0;
				GCC_PREPROCESSOR_DEFINITIONS = (
					"DEBUG=1",
					"$(inherited)",
				);
				GCC_WARN_64_TO_32_BIT_CONVERSION = YES;
				GCC_WARN_ABOUT_RETURN_TYPE = YES_ERROR;
				GCC_WARN_UNDECLARED_SELECTOR = YES;
				GCC_WARN_UNINITIALIZED_AUTOS = YES_AGGRESSIVE;
				GCC_WARN_UNUSED_FUNCTION = YES;
				GCC_WARN_UNUSED_VARIABLE = YES;
				IPHONEOS_DEPLOYMENT_TARGET = 17.0;
				LOCALIZATION_PREFERS_STRING_CATALOGS = YES;
				MTL_ENABLE_DEBUG_INFO = INCLUDE_SOURCE;
				MTL_FAST_MATH = YES;
				ONLY_ACTIVE_ARCH = YES;
				SDKROOT = iphoneos;
				SWIFT_ACTIVE_COMPILATION_CONDITIONS = "DEBUG $(inherited)";
				SWIFT_OPTIMIZATION_LEVEL = "-Onone";
			};
			name = Debug;
		};
		F316C37E2EB917F000668963 /* Release */ = {
			isa = XCBuildConfiguration;
			buildSettings = {
				ALWAYS_SEARCH_USER_PATHS = NO;
				ASSETCATALOG_COMPILER_GENERATE_SWIFT_ASSET_SYMBOL_EXTENSIONS = YES;
				CLANG_ANALYZER_NONNULL = YES;
				CLANG_ANALYZER_NUMBER_OBJECT_CONVERSION = YES_AGGRESSIVE;
				CLANG_CXX_LANGUAGE_STANDARD = "gnu++20";
				CLANG_ENABLE_MODULES = YES;
				CLANG_ENABLE_OBJC_ARC = YES;
				CLANG_ENABLE_OBJC_WEAK = YES;
				CLANG_WARN_BLOCK_CAPTURE_AUTORELEASING = YES;
				CLANG_WARN_BOOL_CONVERSION = YES;
				CLANG_WARN_COMMA = YES;
				CLANG_WARN_CONSTANT_CONVERSION = YES;
				CLANG_WARN_DEPRECATED_OBJC_IMPLEMENTATIONS = YES;
				CLANG_WARN_DIRECT_OBJC_ISA_USAGE = YES_ERROR;
				CLANG_WARN_DOCUMENTATION_COMMENTS = YES;
				CLANG_WARN_EMPTY_BODY = YES;
				CLANG_WARN_ENUM_CONVERSION = YES;
				CLANG_WARN_INFINITE_RECURSION = YES;
				CLANG_WARN_INT_CONVERSION = YES;
				CLANG_WARN_NON_LITERAL_NULL_CONVERSION = YES;
				CLANG_WARN_OBJC_IMPLICIT_RETAIN_SELF = YES;
				CLANG_WARN_OBJC_LITERAL_CONVERSION = YES;
				CLANG_WARN_OBJC_ROOT_CLASS = YES_ERROR;
				CLANG_WARN_QUOTED_INCLUDE_IN_FRAMEWORK_HEADER = YES;
				CLANG_WARN_RANGE_LOOP_ANALYSIS = YES;
				CLANG_WARN_STRICT_PROTOTYPES = YES;
				CLANG_WARN_SUSPICIOUS_MOVE = YES;
				CLANG_WARN_UNGUARDED_AVAILABILITY = YES_AGGRESSIVE;
				CLANG_WARN_UNREACHABLE_CODE = YES;
				CLANG_WARN__DUPLICATE_METHOD_MATCH = YES;
				COPY_PHASE_STRIP = NO;
				DEBUG_INFORMATION_FORMAT = "dwarf-with-dsym";
				DEVELOPMENT_TEAM = "";
				ENABLE_NS_ASSERTIONS = NO;
				ENABLE_STRICT_OBJC_MSGSEND = YES;
				ENABLE_USER_SCRIPT_SANDBOXING = YES;
				GCC_C_LANGUAGE_STANDARD = gnu17;
				GCC_NO_COMMON_BLOCKS = YES;
				GCC_WARN_64_TO_32_BIT_CONVERSION = YES;
				GCC_WARN_ABOUT_RETURN_TYPE = YES_ERROR;
				GCC_WARN_UNDECLARED_SELECTOR = YES;
				GCC_WARN_UNINITIALIZED_AUTOS = YES_AGGRESSIVE;
				GCC_WARN_UNUSED_FUNCTION = YES;
				GCC_WARN_UNUSED_VARIABLE = YES;
				IPHONEOS_DEPLOYMENT_TARGET = 17.0;
				LOCALIZATION_PREFERS_STRING_CATALOGS = YES;
				MTL_ENABLE_DEBUG_INFO = NO;
				MTL_FAST_MATH = YES;
				SDKROOT = iphoneos;
				SWIFT_COMPILATION_MODE = wholemodule;
				VALIDATE_PRODUCT = YES;
			};
			name = Release;
		};
		F316C3802EB917F000668963 /* Debug */ = {
			isa = XCBuildConfiguration;
			buildSettings = {
				ASSETCATALOG_COMPILER_APPICON_NAME = AppIcon;
				ASSETCATALOG_COMPILER_GLOBAL_ACCENT_COLOR_NAME = AccentColor;
				CODE_SIGN_STYLE = Automatic;
				CURRENT_PROJECT_VERSION = 1;
				DEVELOPMENT_TEAM = "";
				ENABLE_PREVIEWS = YES;
				GENERATE_INFOPLIST_FILE = YES;
				INFOPLIST_KEY_UIApplicationSceneManifest_Generation = YES;
				INFOPLIST_KEY_UIApplicationSupportsIndirectInputEvents = YES;
				INFOPLIST_KEY_UILaunchScreen_Generation = YES;
				INFOPLIST_KEY_UISupportedInterfaceOrientations_iPad = "UIInterfaceOrientationPortrait UIInterfaceOrientationPortraitUpsideDown UIInterfaceOrientationLandscapeLeft UIInterfaceOrientationLandscapeRight";
				INFOPLIST_KEY_UISupportedInterfaceOrientations_iPhone = "UIInterfaceOrientationPortrait UIInterfaceOrientationLandscapeLeft UIInterfaceOrientationLandscapeRight";
				INFOPLIST_KEY_NSMicrophoneUsageDescription = "Mikrofonzugriff wird benötigt, um die Raumakustik und Nachhallzeit (RT60) zu messen.";
				INFOPLIST_KEY_NSCameraUsageDescription = "Kamerazugriff wird für den LiDAR-Raumscan benötigt.";
				LD_RUNPATH_SEARCH_PATHS = (
					"$(inherited)",
					"@executable_path/Frameworks",
				);
				MARKETING_VERSION = 1.0;
				PRODUCT_BUNDLE_IDENTIFIER = "MSH.Akusti-Scan-App-RT60";
				PRODUCT_NAME = "$(TARGET_NAME)";
				STRING_CATALOG_GENERATE_SYMBOLS = YES;
				SWIFT_APPROACHABLE_CONCURRENCY = YES;
				SWIFT_DEFAULT_ACTOR_ISOLATION = MainActor;
				SWIFT_EMIT_LOC_STRINGS = YES;
				SWIFT_UPCOMING_FEATURE_MEMBER_IMPORT_VISIBILITY = YES;
				SWIFT_VERSION = 5.0;
				TARGETED_DEVICE_FAMILY = "1,2";
			};
			name = Debug;
		};
		F316C3812EB917F000668963 /* Release */ = {
			isa = XCBuildConfiguration;
			buildSettings = {
				ASSETCATALOG_COMPILER_APPICON_NAME = AppIcon;
				ASSETCATALOG_COMPILER_GLOBAL_ACCENT_COLOR_NAME = AccentColor;
				CODE_SIGN_STYLE = Automatic;
				CURRENT_PROJECT_VERSION = 1;
				DEVELOPMENT_TEAM = "";
				ENABLE_PREVIEWS = YES;
				GENERATE_INFOPLIST_FILE = YES;
				INFOPLIST_KEY_UIApplicationSceneManifest_Generation = YES;
				INFOPLIST_KEY_UIApplicationSupportsIndirectInputEvents = YES;
				INFOPLIST_KEY_UILaunchScreen_Generation = YES;
				INFOPLIST_KEY_UISupportedInterfaceOrientations_iPad = "UIInterfaceOrientationPortrait UIInterfaceOrientationPortraitUpsideDown UIInterfaceOrientationLandscapeLeft UIInterfaceOrientationLandscapeRight";
				INFOPLIST_KEY_UISupportedInterfaceOrientations_iPhone = "UIInterfaceOrientationPortrait UIInterfaceOrientationLandscapeLeft UIInterfaceOrientationLandscapeRight";
				INFOPLIST_KEY_NSMicrophoneUsageDescription = "Mikrofonzugriff wird benötigt, um die Raumakustik und Nachhallzeit (RT60) zu messen.";
				INFOPLIST_KEY_NSCameraUsageDescription = "Kamerazugriff wird für den LiDAR-Raumscan benötigt.";
				LD_RUNPATH_SEARCH_PATHS = (
					"$(inherited)",
					"@executable_path/Frameworks",
				);
				MARKETING_VERSION = 1.0;
				PRODUCT_BUNDLE_IDENTIFIER = "MSH.Akusti-Scan-App-RT60";
				PRODUCT_NAME = "$(TARGET_NAME)";
				STRING_CATALOG_GENERATE_SYMBOLS = YES;
				SWIFT_APPROACHABLE_CONCURRENCY = YES;
				SWIFT_DEFAULT_ACTOR_ISOLATION = MainActor;
				SWIFT_EMIT_LOC_STRINGS = YES;
				SWIFT_UPCOMING_FEATURE_MEMBER_IMPORT_VISIBILITY = YES;
				SWIFT_VERSION = 5.0;
				TARGETED_DEVICE_FAMILY = "1,2";
			};
			name = Release;
		};
		F316C3832EB917F000668963 /* Debug */ = {
			isa = XCBuildConfiguration;
			buildSettings = {
				BUNDLE_LOADER = "$(TEST_HOST)";
				CODE_SIGN_STYLE = Automatic;
				CURRENT_PROJECT_VERSION = 1;
				DEVELOPMENT_TEAM = "";
				GENERATE_INFOPLIST_FILE = YES;
				IPHONEOS_DEPLOYMENT_TARGET = 17.0;
				MARKETING_VERSION = 1.0;
				PRODUCT_BUNDLE_IDENTIFIER = "MSH.Akusti-Scan-App-RT60Tests";
				PRODUCT_NAME = "$(TARGET_NAME)";
				STRING_CATALOG_GENERATE_SYMBOLS = NO;
				SWIFT_APPROACHABLE_CONCURRENCY = YES;
				SWIFT_EMIT_LOC_STRINGS = NO;
				SWIFT_UPCOMING_FEATURE_MEMBER_IMPORT_VISIBILITY = YES;
				SWIFT_VERSION = 5.0;
				TARGETED_DEVICE_FAMILY = "1,2";
				TEST_HOST = "$(BUILT_PRODUCTS_DIR)/Akusti-Scan-App-RT60.app/$(BUNDLE_EXECUTABLE_FOLDER_PATH)/Akusti-Scan-App-RT60";
			};
			name = Debug;
		};
		F316C3842EB917F000668963 /* Release */ = {
			isa = XCBuildConfiguration;
			buildSettings = {
				BUNDLE_LOADER = "$(TEST_HOST)";
				CODE_SIGN_STYLE = Automatic;
				CURRENT_PROJECT_VERSION = 1;
				DEVELOPMENT_TEAM = "";
				GENERATE_INFOPLIST_FILE = YES;
				IPHONEOS_DEPLOYMENT_TARGET = 17.0;
				MARKETING_VERSION = 1.0;
				PRODUCT_BUNDLE_IDENTIFIER = "MSH.Akusti-Scan-App-RT60Tests";
				PRODUCT_NAME = "$(TARGET_NAME)";
				STRING_CATALOG_GENERATE_SYMBOLS = NO;
				SWIFT_APPROACHABLE_CONCURRENCY = YES;
				SWIFT_EMIT_LOC_STRINGS = NO;
				SWIFT_UPCOMING_FEATURE_MEMBER_IMPORT_VISIBILITY = YES;
				SWIFT_VERSION = 5.0;
				TARGETED_DEVICE_FAMILY = "1,2";
				TEST_HOST = "$(BUILT_PRODUCTS_DIR)/Akusti-Scan-App-RT60.app/$(BUNDLE_EXECUTABLE_FOLDER_PATH)/Akusti-Scan-App-RT60";
			};
			name = Release;
		};
		F316C3862EB917F000668963 /* Debug */ = {
			isa = XCBuildConfiguration;
			buildSettings = {
				CODE_SIGN_STYLE = Automatic;
				CURRENT_PROJECT_VERSION = 1;
				DEVELOPMENT_TEAM = "";
				GENERATE_INFOPLIST_FILE = YES;
				MARKETING_VERSION = 1.0;
				PRODUCT_BUNDLE_IDENTIFIER = "MSH.Akusti-Scan-App-RT60UITests";
				PRODUCT_NAME = "$(TARGET_NAME)";
				STRING_CATALOG_GENERATE_SYMBOLS = NO;
				SWIFT_APPROACHABLE_CONCURRENCY = YES;
				SWIFT_EMIT_LOC_STRINGS = NO;
				SWIFT_UPCOMING_FEATURE_MEMBER_IMPORT_VISIBILITY = YES;
				SWIFT_VERSION = 5.0;
				TARGETED_DEVICE_FAMILY = "1,2";
				TEST_TARGET_NAME = "Akusti-Scan-App-RT60";
			};
			name = Debug;
		};
		F316C3872EB917F000668963 /* Release */ = {
			isa = XCBuildConfiguration;
			buildSettings = {
				CODE_SIGN_STYLE = Automatic;
				CURRENT_PROJECT_VERSION = 1;
				DEVELOPMENT_TEAM = "";
				GENERATE_INFOPLIST_FILE = YES;
				MARKETING_VERSION = 1.0;
				PRODUCT_BUNDLE_IDENTIFIER = "MSH.Akusti-Scan-App-RT60UITests";
				PRODUCT_NAME = "$(TARGET_NAME)";
				STRING_CATALOG_GENERATE_SYMBOLS = NO;
				SWIFT_APPROACHABLE_CONCURRENCY = YES;
				SWIFT_EMIT_LOC_STRINGS = NO;
				SWIFT_UPCOMING_FEATURE_MEMBER_IMPORT_VISIBILITY = YES;
				SWIFT_VERSION = 5.0;
				TARGETED_DEVICE_FAMILY = "1,2";
				TEST_TARGET_NAME = "Akusti-Scan-App-RT60";
			};
			name = Release;
		};
/* End XCBuildConfiguration section */

/* Begin XCConfigurationList section */
		F316C3592EB917EE00668963 /* Build configuration list for PBXProject "Akusti-Scan-App-RT60" */ = {
			isa = XCConfigurationList;
			buildConfigurations = (
				F316C37D2EB917F000668963 /* Debug */,
				F316C37E2EB917F000668963 /* Release */,
			);
			defaultConfigurationIsVisible = 0;
			defaultConfigurationName = Release;
		};
		F316C37F2EB917F000668963 /* Build configuration list for PBXNativeTarget "Akusti-Scan-App-RT60" */ = {
			isa = XCConfigurationList;
			buildConfigurations = (
				F316C3802EB917F000668963 /* Debug */,
				F316C3812EB917F000668963 /* Release */,
			);
			defaultConfigurationIsVisible = 0;
			defaultConfigurationName = Release;
		};
		F316C3822EB917F000668963 /* Build configuration list for PBXNativeTarget "Akusti-Scan-App-RT60Tests" */ = {
			isa = XCConfigurationList;
			buildConfigurations = (
				F316C3832EB917F000668963 /* Debug */,
				F316C3842EB917F000668963 /* Release */,
			);
			defaultConfigurationIsVisible = 0;
			defaultConfigurationName = Release;
		};
		F316C3852EB917F000668963 /* Build configuration list for PBXNativeTarget "Akusti-Scan-App-RT60UITests" */ = {
			isa = XCConfigurationList;
			buildConfigurations = (
				F316C3862EB917F000668963 /* Debug */,
				F316C3872EB917F000668963 /* Release */,
			);
			defaultConfigurationIsVisible = 0;
			defaultConfigurationName = Release;
		};
/* End XCConfigurationList section */
	};
	rootObject = F316C3562EB917EE00668963 /* Project object */;
}
